
Microsoft Visual Studio Solution File, Format Version 12.00
# Visual Studio Version 17
VisualStudioVersion = 17.10.35027.167
MinimumVisualStudioVersion = 10.0.40219.1
Project("{FAE04EC0-301F-11D3-BF4B-00C04F79EFBC}") = "LabelStyleFontIssue", "LabelStyleFontIssue.csproj", "{579C158F-17A8-4EB1-9A72-5C2E7C74650E}"
EndProject
Global
	GlobalSection(SolutionConfigurationPlatforms) = preSolution
		Debug|Any CPU = Debug|Any CPU
		Release|Any CPU = Release|Any CPU
	EndGlobalSection
	GlobalSection(ProjectConfigurationPlatforms) = postSolution
		{579C158F-17A8-4EB1-9A72-5C2E7C74650E}.Debug|Any CPU.ActiveCfg = Debug|Any CPU
		{579C158F-17A8-4EB1-9A72-5C2E7C74650E}.Debug|Any CPU.Build.0 = Debug|Any CPU
		{579C158F-17A8-4EB1-9A72-5C2E7C74650E}.Debug|Any CPU.Deploy.0 = Debug|Any CPU
		{579C158F-17A8-4EB1-9A72-5C2E7C74650E}.Release|Any CPU.ActiveCfg = Release|Any CPU
		{579C158F-17A8-4EB1-9A72-5C2E7C74650E}.Release|Any CPU.Build.0 = Release|Any CPU
		{579C158F-17A8-4EB1-9A72-5C2E7C74650E}.Release|Any CPU.Deploy.0 = Release|Any CPU
	EndGlobalSection
	GlobalSection(SolutionProperties) = preSolution
		HideSolutionNode = FALSE
	EndGlobalSection
	GlobalSection(ExtensibilityGlobals) = postSolution
		SolutionGuid = {1EAE0A82-DB7F-4BA8-8D06-403BED7D12CD}
	EndGlobalSection
EndGlobal
